{
  "version": 4,
  "terraform_version": "1.9.2",
  "serial": 354,
  "lineage": "d37b3b90-f6fe-ff25-26c7-9af5368851fe",
  "outputs": {
    "cloudfront_domain_name": {
      "value": "d2sgo4vsax27b6.cloudfront.net",
      "type": "string"
    },
    "s3_bucket_url": {
      "value": "assignment-react-next-django-app.s3-website.us-east-2.amazonaws.com",
      "type": "string"
    }
  },
  "resources": [
    {
      "mode": "managed",
      "type": "aws_cloudfront_distribution",
      "name": "react_app_distribution",
      "provider": "provider[\"registry.terraform.io/hashicorp/aws\"]",
      "instances": [
        {
          "schema_version": 1,
          "attributes": {
            "aliases": [],
            "arn": "arn:aws:cloudfront::963917862735:distribution/E40C6R1WD0PFC",
            "caller_reference": "terraform-20240716223231154600000002",
            "comment": null,
            "continuous_deployment_policy_id": "",
            "custom_error_response": [],
            "default_cache_behavior": [
              {
                "allowed_methods": [
                  "GET",
                  "HEAD",
                  "OPTIONS"
                ],
                "cache_policy_id": "",
                "cached_methods": [
                  "GET",
                  "HEAD"
                ],
                "compress": false,
                "default_ttl": 3600,
                "field_level_encryption_id": "",
                "forwarded_values": [
                  {
                    "cookies": [
                      {
                        "forward": "none",
                        "whitelisted_names": []
                      }
                    ],
                    "headers": [],
                    "query_string": false,
                    "query_string_cache_keys": []
                  }
                ],
                "function_association": [],
                "lambda_function_association": [],
                "max_ttl": 86400,
                "min_ttl": 0,
                "origin_request_policy_id": "",
                "realtime_log_config_arn": "",
                "response_headers_policy_id": "",
                "smooth_streaming": false,
                "target_origin_id": "assignment-react-next-django-app",
                "trusted_key_groups": [],
                "trusted_signers": [],
                "viewer_protocol_policy": "redirect-to-https"
              }
            ],
            "default_root_object": "index.html",
            "domain_name": "d2sgo4vsax27b6.cloudfront.net",
            "enabled": true,
            "etag": "E1P4EVUNAIEDOF",
            "hosted_zone_id": "Z2FDTNDATAQYW2",
            "http_version": "http2",
            "id": "E40C6R1WD0PFC",
            "in_progress_validation_batches": 0,
            "is_ipv6_enabled": true,
            "last_modified_time": "2024-07-16 22:32:31.255 +0000 UTC",
            "logging_config": [],
            "ordered_cache_behavior": [],
            "origin": [
              {
                "connection_attempts": 3,
                "connection_timeout": 10,
                "custom_header": [],
                "custom_origin_config": [],
                "domain_name": "assignment-react-next-django-app.s3.us-east-2.amazonaws.com",
                "origin_access_control_id": "",
                "origin_id": "assignment-react-next-django-app",
                "origin_path": "",
                "origin_shield": [],
                "s3_origin_config": [
                  {
                    "origin_access_identity": "origin-access-identity/cloudfront/E1RC5QF6C97UNS"
                  }
                ]
              }
            ],
            "origin_group": [],
            "price_class": "PriceClass_All",
            "restrictions": [
              {
                "geo_restriction": [
                  {
                    "locations": [],
                    "restriction_type": "none"
                  }
                ]
              }
            ],
            "retain_on_delete": false,
            "staging": false,
            "status": "Deployed",
            "tags": {},
            "tags_all": {},
            "trusted_key_groups": [
              {
                "enabled": false,
                "items": []
              }
            ],
            "trusted_signers": [
              {
                "enabled": false,
                "items": []
              }
            ],
            "viewer_certificate": [
              {
                "acm_certificate_arn": "",
                "cloudfront_default_certificate": true,
                "iam_certificate_id": "",
                "minimum_protocol_version": "TLSv1",
                "ssl_support_method": ""
              }
            ],
            "wait_for_deployment": true,
            "web_acl_id": ""
          },
          "sensitive_attributes": [],
          "private": "eyJzY2hlbWFfdmVyc2lvbiI6IjEifQ==",
          "dependencies": [
            "aws_cloudfront_origin_access_identity.react_app_identity",
            "aws_s3_bucket.react_app_bucket"
          ]
        }
      ]
    },
    {
      "mode": "managed",
      "type": "aws_cloudfront_origin_access_identity",
      "name": "react_app_identity",
      "provider": "provider[\"registry.terraform.io/hashicorp/aws\"]",
      "instances": [
        {
          "schema_version": 0,
          "attributes": {
            "caller_reference": "terraform-20240716223229747800000001",
            "cloudfront_access_identity_path": "origin-access-identity/cloudfront/E1RC5QF6C97UNS",
            "comment": "Origin Access Identity for my React app",
            "etag": "E2FGEUZC6XUYX6",
            "iam_arn": "arn:aws:iam::cloudfront:user/CloudFront Origin Access Identity E1RC5QF6C97UNS",
            "id": "E1RC5QF6C97UNS",
            "s3_canonical_user_id": "237a6c32097d97f22e381bdcfe59b6a608342b3f1bb548cff77f8256ea6e9578beed2385cdb9f648bd18e52f10457e22"
          },
          "sensitive_attributes": [],
          "private": "bnVsbA=="
        }
      ]
    },
    {
      "mode": "managed",
      "type": "aws_s3_bucket",
      "name": "react_app_bucket",
      "provider": "provider[\"registry.terraform.io/hashicorp/aws\"]",
      "instances": [
        {
          "schema_version": 0,
          "attributes": {
            "acceleration_status": "",
            "acl": null,
            "arn": "arn:aws:s3:::assignment-react-next-django-app",
            "bucket": "assignment-react-next-django-app",
            "bucket_domain_name": "assignment-react-next-django-app.s3.amazonaws.com",
            "bucket_prefix": "",
            "bucket_regional_domain_name": "assignment-react-next-django-app.s3.us-east-2.amazonaws.com",
            "cors_rule": [],
            "force_destroy": false,
            "grant": [
              {
                "id": "",
                "permissions": [
                  "READ"
                ],
                "type": "Group",
                "uri": "http://acs.amazonaws.com/groups/global/AllUsers"
              },
              {
                "id": "1c22fab474e8cdc585858fc1647b0f2205ea5314e27b9cd78a9158ef50b682bb",
                "permissions": [
                  "FULL_CONTROL"
                ],
                "type": "CanonicalUser",
                "uri": ""
              }
            ],
            "hosted_zone_id": "Z2O1EMRO9K5GLX",
            "id": "assignment-react-next-django-app",
            "lifecycle_rule": [],
            "logging": [],
            "object_lock_configuration": [],
            "object_lock_enabled": false,
            "policy": "",
            "region": "us-east-2",
            "replication_configuration": [],
            "request_payer": "BucketOwner",
            "server_side_encryption_configuration": [
              {
                "rule": [
                  {
                    "apply_server_side_encryption_by_default": [
                      {
                        "kms_master_key_id": "",
                        "sse_algorithm": "AES256"
                      }
                    ],
                    "bucket_key_enabled": false
                  }
                ]
              }
            ],
            "tags": {},
            "tags_all": {},
            "timeouts": null,
            "versioning": [
              {
                "enabled": false,
                "mfa_delete": false
              }
            ],
            "website": [
              {
                "error_document": "error.html",
                "index_document": "index.html",
                "redirect_all_requests_to": "",
                "routing_rules": ""
              }
            ],
            "website_domain": "s3-website.us-east-2.amazonaws.com",
            "website_endpoint": "assignment-react-next-django-app.s3-website.us-east-2.amazonaws.com"
          },
          "sensitive_attributes": [],
          "private": "eyJlMmJmYjczMC1lY2FhLTExZTYtOGY4OC0zNDM2M2JjN2M0YzAiOnsiY3JlYXRlIjoxMjAwMDAwMDAwMDAwLCJkZWxldGUiOjM2MDAwMDAwMDAwMDAsInJlYWQiOjEyMDAwMDAwMDAwMDAsInVwZGF0ZSI6MTIwMDAwMDAwMDAwMH19"
        }
      ]
    },
    {
      "mode": "managed",
      "type": "aws_s3_bucket_acl",
      "name": "bucket_acl",
      "provider": "provider[\"registry.terraform.io/hashicorp/aws\"]",
      "instances": [
        {
          "schema_version": 0,
          "attributes": {
            "access_control_policy": [
              {
                "grant": [
                  {
                    "grantee": [
                      {
                        "display_name": "",
                        "email_address": "",
                        "id": "",
                        "type": "Group",
                        "uri": "http://acs.amazonaws.com/groups/global/AllUsers"
                      }
                    ],
                    "permission": "READ"
                  },
                  {
                    "grantee": [
                      {
                        "display_name": "",
                        "email_address": "",
                        "id": "1c22fab474e8cdc585858fc1647b0f2205ea5314e27b9cd78a9158ef50b682bb",
                        "type": "CanonicalUser",
                        "uri": ""
                      }
                    ],
                    "permission": "FULL_CONTROL"
                  }
                ],
                "owner": [
                  {
                    "display_name": "",
                    "id": "1c22fab474e8cdc585858fc1647b0f2205ea5314e27b9cd78a9158ef50b682bb"
                  }
                ]
              }
            ],
            "acl": "public-read",
            "bucket": "assignment-react-next-django-app",
            "expected_bucket_owner": "",
            "id": "assignment-react-next-django-app,public-read"
          },
          "sensitive_attributes": [],
          "private": "bnVsbA==",
          "dependencies": [
            "aws_s3_bucket.react_app_bucket",
            "aws_s3_bucket_ownership_controls.bucket_ownership",
            "aws_s3_bucket_public_access_block.bucket_access_block"
          ]
        }
      ]
    },
    {
      "mode": "managed",
      "type": "aws_s3_bucket_ownership_controls",
      "name": "bucket_ownership",
      "provider": "provider[\"registry.terraform.io/hashicorp/aws\"]",
      "instances": [
        {
          "schema_version": 0,
          "attributes": {
            "bucket": "assignment-react-next-django-app",
            "id": "assignment-react-next-django-app",
            "rule": [
              {
                "object_ownership": "BucketOwnerPreferred"
              }
            ]
          },
          "sensitive_attributes": [],
          "private": "bnVsbA==",
          "dependencies": [
            "aws_s3_bucket.react_app_bucket"
          ]
        }
      ]
    },
    {
      "mode": "managed",
      "type": "aws_s3_bucket_public_access_block",
      "name": "bucket_access_block",
      "provider": "provider[\"registry.terraform.io/hashicorp/aws\"]",
      "instances": [
        {
          "schema_version": 0,
          "attributes": {
            "block_public_acls": false,
            "block_public_policy": false,
            "bucket": "assignment-react-next-django-app",
            "id": "assignment-react-next-django-app",
            "ignore_public_acls": false,
            "restrict_public_buckets": false
          },
          "sensitive_attributes": [],
          "private": "bnVsbA==",
          "dependencies": [
            "aws_s3_bucket.react_app_bucket"
          ]
        }
      ]
    },
    {
      "mode": "managed",
      "type": "aws_s3_bucket_website_configuration",
      "name": "website",
      "provider": "provider[\"registry.terraform.io/hashicorp/aws\"]",
      "instances": [
        {
          "schema_version": 0,
          "attributes": {
            "bucket": "assignment-react-next-django-app",
            "error_document": [
              {
                "key": "error.html"
              }
            ],
            "expected_bucket_owner": "",
            "id": "assignment-react-next-django-app",
            "index_document": [
              {
                "suffix": "index.html"
              }
            ],
            "redirect_all_requests_to": [],
            "routing_rule": [],
            "routing_rules": "",
            "website_domain": "s3-website.us-east-2.amazonaws.com",
            "website_endpoint": "assignment-react-next-django-app.s3-website.us-east-2.amazonaws.com"
          },
          "sensitive_attributes": [],
          "private": "bnVsbA==",
          "dependencies": [
            "aws_s3_bucket.react_app_bucket"
          ]
        }
      ]
    },
    {
      "mode": "managed",
      "type": "aws_s3_object",
      "name": "react_app_files",
      "provider": "provider[\"registry.terraform.io/hashicorp/aws\"]",
      "instances": [
        {
          "index_key": "404.html",
          "schema_version": 0,
          "attributes": {
            "acl": "public-read",
            "arn": "arn:aws:s3:::assignment-react-next-django-app/404.html",
            "bucket": "assignment-react-next-django-app",
            "bucket_key_enabled": false,
            "cache_control": "",
            "checksum_algorithm": null,
            "checksum_crc32": "",
            "checksum_crc32c": "",
            "checksum_sha1": "",
            "checksum_sha256": "",
            "content": null,
            "content_base64": null,
            "content_disposition": "",
            "content_encoding": "",
            "content_language": "",
            "content_type": "text/html; charset=utf-8",
            "etag": "b06c7a6acf88433254ebc5769817d0d0",
            "force_destroy": false,
            "id": "404.html",
            "key": "404.html",
            "kms_key_id": null,
            "metadata": {},
            "object_lock_legal_hold_status": "",
            "object_lock_mode": "",
            "object_lock_retain_until_date": "",
            "override_provider": [],
            "server_side_encryption": "AES256",
            "source": "../out/404.html",
            "source_hash": null,
            "storage_class": "STANDARD",
            "tags": {},
            "tags_all": {},
            "version_id": "",
            "website_redirect": ""
          },
          "sensitive_attributes": [],
          "private": "bnVsbA==",
          "dependencies": [
            "aws_s3_bucket.react_app_bucket",
            "aws_s3_bucket_acl.bucket_acl",
            "aws_s3_bucket_ownership_controls.bucket_ownership",
            "aws_s3_bucket_public_access_block.bucket_access_block"
          ]
        },
        {
          "index_key": "_next/static/chunks/23-e08fd165cb83e158.js",
          "schema_version": 0,
          "attributes": {
            "acl": "public-read",
            "arn": "arn:aws:s3:::assignment-react-next-django-app/_next/static/chunks/23-e08fd165cb83e158.js",
            "bucket": "assignment-react-next-django-app",
            "bucket_key_enabled": false,
            "cache_control": "",
            "checksum_algorithm": null,
            "checksum_crc32": "",
            "checksum_crc32c": "",
            "checksum_sha1": "",
            "checksum_sha256": "",
            "content": null,
            "content_base64": null,
            "content_disposition": "",
            "content_encoding": "",
            "content_language": "",
            "content_type": "application/javascript",
            "etag": "52ee839af6074b8e37ec54f4b48b2487",
            "force_destroy": false,
            "id": "_next/static/chunks/23-e08fd165cb83e158.js",
            "key": "_next/static/chunks/23-e08fd165cb83e158.js",
            "kms_key_id": null,
            "metadata": {},
            "object_lock_legal_hold_status": "",
            "object_lock_mode": "",
            "object_lock_retain_until_date": "",
            "override_provider": [],
            "server_side_encryption": "AES256",
            "source": "../out/_next/static/chunks/23-e08fd165cb83e158.js",
            "source_hash": null,
            "storage_class": "STANDARD",
            "tags": {},
            "tags_all": {},
            "version_id": "",
            "website_redirect": ""
          },
          "sensitive_attributes": [],
          "private": "bnVsbA==",
          "dependencies": [
            "aws_s3_bucket.react_app_bucket",
            "aws_s3_bucket_acl.bucket_acl",
            "aws_s3_bucket_ownership_controls.bucket_ownership",
            "aws_s3_bucket_public_access_block.bucket_access_block"
          ]
        },
        {
          "index_key": "_next/static/chunks/479ba886-6c84535fc0946bbc.js",
          "schema_version": 0,
          "attributes": {
            "acl": "public-read",
            "arn": "arn:aws:s3:::assignment-react-next-django-app/_next/static/chunks/479ba886-6c84535fc0946bbc.js",
            "bucket": "assignment-react-next-django-app",
            "bucket_key_enabled": false,
            "cache_control": "",
            "checksum_algorithm": null,
            "checksum_crc32": "",
            "checksum_crc32c": "",
            "checksum_sha1": "",
            "checksum_sha256": "",
            "content": null,
            "content_base64": null,
            "content_disposition": "",
            "content_encoding": "",
            "content_language": "",
            "content_type": "application/javascript",
            "etag": "0db8a3132b77b18997674ed7d851ff47",
            "force_destroy": false,
            "id": "_next/static/chunks/479ba886-6c84535fc0946bbc.js",
            "key": "_next/static/chunks/479ba886-6c84535fc0946bbc.js",
            "kms_key_id": null,
            "metadata": {},
            "object_lock_legal_hold_status": "",
            "object_lock_mode": "",
            "object_lock_retain_until_date": "",
            "override_provider": [],
            "server_side_encryption": "AES256",
            "source": "../out/_next/static/chunks/479ba886-6c84535fc0946bbc.js",
            "source_hash": null,
            "storage_class": "STANDARD",
            "tags": {},
            "tags_all": {},
            "version_id": "",
            "website_redirect": ""
          },
          "sensitive_attributes": [],
          "private": "bnVsbA==",
          "dependencies": [
            "aws_s3_bucket.react_app_bucket",
            "aws_s3_bucket_acl.bucket_acl",
            "aws_s3_bucket_ownership_controls.bucket_ownership",
            "aws_s3_bucket_public_access_block.bucket_access_block"
          ]
        },
        {
          "index_key": "_next/static/chunks/app/_not-found/page-4a0204e068aa695f.js",
          "schema_version": 0,
          "attributes": {
            "acl": "public-read",
            "arn": "arn:aws:s3:::assignment-react-next-django-app/_next/static/chunks/app/_not-found/page-4a0204e068aa695f.js",
            "bucket": "assignment-react-next-django-app",
            "bucket_key_enabled": false,
            "cache_control": "",
            "checksum_algorithm": null,
            "checksum_crc32": "",
            "checksum_crc32c": "",
            "checksum_sha1": "",
            "checksum_sha256": "",
            "content": null,
            "content_base64": null,
            "content_disposition": "",
            "content_encoding": "",
            "content_language": "",
            "content_type": "application/javascript",
            "etag": "15fe196141ac6b2049eeba57fc2c8970",
            "force_destroy": false,
            "id": "_next/static/chunks/app/_not-found/page-4a0204e068aa695f.js",
            "key": "_next/static/chunks/app/_not-found/page-4a0204e068aa695f.js",
            "kms_key_id": null,
            "metadata": {},
            "object_lock_legal_hold_status": "",
            "object_lock_mode": "",
            "object_lock_retain_until_date": "",
            "override_provider": [],
            "server_side_encryption": "AES256",
            "source": "../out/_next/static/chunks/app/_not-found/page-4a0204e068aa695f.js",
            "source_hash": null,
            "storage_class": "STANDARD",
            "tags": {},
            "tags_all": {},
            "version_id": "",
            "website_redirect": ""
          },
          "sensitive_attributes": [],
          "private": "bnVsbA==",
          "dependencies": [
            "aws_s3_bucket.react_app_bucket",
            "aws_s3_bucket_acl.bucket_acl",
            "aws_s3_bucket_ownership_controls.bucket_ownership",
            "aws_s3_bucket_public_access_block.bucket_access_block"
          ]
        },
        {
          "index_key": "_next/static/chunks/app/about/page-fa0cff4b15f331c8.js",
          "schema_version": 0,
          "attributes": {
            "acl": "public-read",
            "arn": "arn:aws:s3:::assignment-react-next-django-app/_next/static/chunks/app/about/page-fa0cff4b15f331c8.js",
            "bucket": "assignment-react-next-django-app",
            "bucket_key_enabled": false,
            "cache_control": "",
            "checksum_algorithm": null,
            "checksum_crc32": "",
            "checksum_crc32c": "",
            "checksum_sha1": "",
            "checksum_sha256": "",
            "content": null,
            "content_base64": null,
            "content_disposition": "",
            "content_encoding": "",
            "content_language": "",
            "content_type": "application/javascript",
            "etag": "d75022c2bb69c454f17deebbe70f3c6f",
            "force_destroy": false,
            "id": "_next/static/chunks/app/about/page-fa0cff4b15f331c8.js",
            "key": "_next/static/chunks/app/about/page-fa0cff4b15f331c8.js",
            "kms_key_id": null,
            "metadata": null,
            "object_lock_legal_hold_status": "",
            "object_lock_mode": "",
            "object_lock_retain_until_date": "",
            "override_provider": [],
            "server_side_encryption": "AES256",
            "source": "../out/_next/static/chunks/app/about/page-fa0cff4b15f331c8.js",
            "source_hash": null,
            "storage_class": "STANDARD",
            "tags": null,
            "tags_all": {},
            "version_id": "",
            "website_redirect": ""
          },
          "sensitive_attributes": [],
          "private": "bnVsbA==",
          "dependencies": [
            "aws_s3_bucket.react_app_bucket",
            "aws_s3_bucket_acl.bucket_acl",
            "aws_s3_bucket_ownership_controls.bucket_ownership",
            "aws_s3_bucket_public_access_block.bucket_access_block"
          ]
        },
        {
          "index_key": "_next/static/chunks/app/contact/page-30952c41a1e52848.js",
          "schema_version": 0,
          "attributes": {
            "acl": "public-read",
            "arn": "arn:aws:s3:::assignment-react-next-django-app/_next/static/chunks/app/contact/page-30952c41a1e52848.js",
            "bucket": "assignment-react-next-django-app",
            "bucket_key_enabled": false,
            "cache_control": "",
            "checksum_algorithm": null,
            "checksum_crc32": "",
            "checksum_crc32c": "",
            "checksum_sha1": "",
            "checksum_sha256": "",
            "content": null,
            "content_base64": null,
            "content_disposition": "",
            "content_encoding": "",
            "content_language": "",
            "content_type": "application/javascript",
            "etag": "90deacc2bbbaeac43467efdadc29301e",
            "force_destroy": false,
            "id": "_next/static/chunks/app/contact/page-30952c41a1e52848.js",
            "key": "_next/static/chunks/app/contact/page-30952c41a1e52848.js",
            "kms_key_id": null,
            "metadata": null,
            "object_lock_legal_hold_status": "",
            "object_lock_mode": "",
            "object_lock_retain_until_date": "",
            "override_provider": [],
            "server_side_encryption": "AES256",
            "source": "../out/_next/static/chunks/app/contact/page-30952c41a1e52848.js",
            "source_hash": null,
            "storage_class": "STANDARD",
            "tags": null,
            "tags_all": {},
            "version_id": "",
            "website_redirect": ""
          },
          "sensitive_attributes": [],
          "private": "bnVsbA==",
          "dependencies": [
            "aws_s3_bucket.react_app_bucket",
            "aws_s3_bucket_acl.bucket_acl",
            "aws_s3_bucket_ownership_controls.bucket_ownership",
            "aws_s3_bucket_public_access_block.bucket_access_block"
          ]
        },
        {
          "index_key": "_next/static/chunks/app/layout-2f6c6baadf723584.js",
          "schema_version": 0,
          "attributes": {
            "acl": "public-read",
            "arn": "arn:aws:s3:::assignment-react-next-django-app/_next/static/chunks/app/layout-2f6c6baadf723584.js",
            "bucket": "assignment-react-next-django-app",
            "bucket_key_enabled": false,
            "cache_control": "",
            "checksum_algorithm": null,
            "checksum_crc32": "",
            "checksum_crc32c": "",
            "checksum_sha1": "",
            "checksum_sha256": "",
            "content": null,
            "content_base64": null,
            "content_disposition": "",
            "content_encoding": "",
            "content_language": "",
            "content_type": "application/javascript",
            "etag": "f4814906562022801f963d9be60f9ba9",
            "force_destroy": false,
            "id": "_next/static/chunks/app/layout-2f6c6baadf723584.js",
            "key": "_next/static/chunks/app/layout-2f6c6baadf723584.js",
            "kms_key_id": null,
            "metadata": {},
            "object_lock_legal_hold_status": "",
            "object_lock_mode": "",
            "object_lock_retain_until_date": "",
            "override_provider": [],
            "server_side_encryption": "AES256",
            "source": "../out/_next/static/chunks/app/layout-2f6c6baadf723584.js",
            "source_hash": null,
            "storage_class": "STANDARD",
            "tags": {},
            "tags_all": {},
            "version_id": "",
            "website_redirect": ""
          },
          "sensitive_attributes": [],
          "private": "bnVsbA==",
          "dependencies": [
            "aws_s3_bucket.react_app_bucket",
            "aws_s3_bucket_acl.bucket_acl",
            "aws_s3_bucket_ownership_controls.bucket_ownership",
            "aws_s3_bucket_public_access_block.bucket_access_block"
          ]
        },
        {
          "index_key": "_next/static/chunks/app/page-1f2e893566b4bf08.js",
          "schema_version": 0,
          "attributes": {
            "acl": "public-read",
            "arn": "arn:aws:s3:::assignment-react-next-django-app/_next/static/chunks/app/page-1f2e893566b4bf08.js",
            "bucket": "assignment-react-next-django-app",
            "bucket_key_enabled": false,
            "cache_control": "",
            "checksum_algorithm": null,
            "checksum_crc32": "",
            "checksum_crc32c": "",
            "checksum_sha1": "",
            "checksum_sha256": "",
            "content": null,
            "content_base64": null,
            "content_disposition": "",
            "content_encoding": "",
            "content_language": "",
            "content_type": "application/javascript",
            "etag": "71dea11eb2fff5690cda49b6b20a0e41",
            "force_destroy": false,
            "id": "_next/static/chunks/app/page-1f2e893566b4bf08.js",
            "key": "_next/static/chunks/app/page-1f2e893566b4bf08.js",
            "kms_key_id": null,
            "metadata": null,
            "object_lock_legal_hold_status": "",
            "object_lock_mode": "",
            "object_lock_retain_until_date": "",
            "override_provider": [],
            "server_side_encryption": "AES256",
            "source": "../out/_next/static/chunks/app/page-1f2e893566b4bf08.js",
            "source_hash": null,
            "storage_class": "STANDARD",
            "tags": null,
            "tags_all": {},
            "version_id": "",
            "website_redirect": ""
          },
          "sensitive_attributes": [],
          "private": "bnVsbA==",
          "dependencies": [
            "aws_s3_bucket.react_app_bucket",
            "aws_s3_bucket_acl.bucket_acl",
            "aws_s3_bucket_ownership_controls.bucket_ownership",
            "aws_s3_bucket_public_access_block.bucket_access_block"
          ]
        },
        {
          "index_key": "_next/static/chunks/app/recipelist/page-2556b19445cd8678.js",
          "schema_version": 0,
          "attributes": {
            "acl": "public-read",
            "arn": "arn:aws:s3:::assignment-react-next-django-app/_next/static/chunks/app/recipelist/page-2556b19445cd8678.js",
            "bucket": "assignment-react-next-django-app",
            "bucket_key_enabled": false,
            "cache_control": "",
            "checksum_algorithm": null,
            "checksum_crc32": "",
            "checksum_crc32c": "",
            "checksum_sha1": "",
            "checksum_sha256": "",
            "content": null,
            "content_base64": null,
            "content_disposition": "",
            "content_encoding": "",
            "content_language": "",
            "content_type": "application/javascript",
            "etag": "9a9ed3e843183f6c399203088acebc53",
            "force_destroy": false,
            "id": "_next/static/chunks/app/recipelist/page-2556b19445cd8678.js",
            "key": "_next/static/chunks/app/recipelist/page-2556b19445cd8678.js",
            "kms_key_id": null,
            "metadata": null,
            "object_lock_legal_hold_status": "",
            "object_lock_mode": "",
            "object_lock_retain_until_date": "",
            "override_provider": [],
            "server_side_encryption": "AES256",
            "source": "../out/_next/static/chunks/app/recipelist/page-2556b19445cd8678.js",
            "source_hash": null,
            "storage_class": "STANDARD",
            "tags": null,
            "tags_all": {},
            "version_id": "",
            "website_redirect": ""
          },
          "sensitive_attributes": [],
          "private": "bnVsbA==",
          "dependencies": [
            "aws_s3_bucket.react_app_bucket",
            "aws_s3_bucket_acl.bucket_acl",
            "aws_s3_bucket_ownership_controls.bucket_ownership",
            "aws_s3_bucket_public_access_block.bucket_access_block"
          ]
        },
        {
          "index_key": "_next/static/chunks/fd9d1056-dfc0d8741092951e.js",
          "schema_version": 0,
          "attributes": {
            "acl": "public-read",
            "arn": "arn:aws:s3:::assignment-react-next-django-app/_next/static/chunks/fd9d1056-dfc0d8741092951e.js",
            "bucket": "assignment-react-next-django-app",
            "bucket_key_enabled": false,
            "cache_control": "",
            "checksum_algorithm": null,
            "checksum_crc32": "",
            "checksum_crc32c": "",
            "checksum_sha1": "",
            "checksum_sha256": "",
            "content": null,
            "content_base64": null,
            "content_disposition": "",
            "content_encoding": "",
            "content_language": "",
            "content_type": "application/javascript",
            "etag": "89ef5cbeacece4bcb75bbefbaec33dc9",
            "force_destroy": false,
            "id": "_next/static/chunks/fd9d1056-dfc0d8741092951e.js",
            "key": "_next/static/chunks/fd9d1056-dfc0d8741092951e.js",
            "kms_key_id": null,
            "metadata": {},
            "object_lock_legal_hold_status": "",
            "object_lock_mode": "",
            "object_lock_retain_until_date": "",
            "override_provider": [],
            "server_side_encryption": "AES256",
            "source": "../out/_next/static/chunks/fd9d1056-dfc0d8741092951e.js",
            "source_hash": null,
            "storage_class": "STANDARD",
            "tags": {},
            "tags_all": {},
            "version_id": "",
            "website_redirect": ""
          },
          "sensitive_attributes": [],
          "private": "bnVsbA==",
          "dependencies": [
            "aws_s3_bucket.react_app_bucket",
            "aws_s3_bucket_acl.bucket_acl",
            "aws_s3_bucket_ownership_controls.bucket_ownership",
            "aws_s3_bucket_public_access_block.bucket_access_block"
          ]
        },
        {
          "index_key": "_next/static/chunks/framework-f66176bb897dc684.js",
          "schema_version": 0,
          "attributes": {
            "acl": "public-read",
            "arn": "arn:aws:s3:::assignment-react-next-django-app/_next/static/chunks/framework-f66176bb897dc684.js",
            "bucket": "assignment-react-next-django-app",
            "bucket_key_enabled": false,
            "cache_control": "",
            "checksum_algorithm": null,
            "checksum_crc32": "",
            "checksum_crc32c": "",
            "checksum_sha1": "",
            "checksum_sha256": "",
            "content": null,
            "content_base64": null,
            "content_disposition": "",
            "content_encoding": "",
            "content_language": "",
            "content_type": "application/javascript",
            "etag": "6467a3dbdbf4c598f8e58e4219209026",
            "force_destroy": false,
            "id": "_next/static/chunks/framework-f66176bb897dc684.js",
            "key": "_next/static/chunks/framework-f66176bb897dc684.js",
            "kms_key_id": null,
            "metadata": {},
            "object_lock_legal_hold_status": "",
            "object_lock_mode": "",
            "object_lock_retain_until_date": "",
            "override_provider": [],
            "server_side_encryption": "AES256",
            "source": "../out/_next/static/chunks/framework-f66176bb897dc684.js",
            "source_hash": null,
            "storage_class": "STANDARD",
            "tags": {},
            "tags_all": {},
            "version_id": "",
            "website_redirect": ""
          },
          "sensitive_attributes": [],
          "private": "bnVsbA==",
          "dependencies": [
            "aws_s3_bucket.react_app_bucket",
            "aws_s3_bucket_acl.bucket_acl",
            "aws_s3_bucket_ownership_controls.bucket_ownership",
            "aws_s3_bucket_public_access_block.bucket_access_block"
          ]
        },
        {
          "index_key": "_next/static/chunks/main-618129792a5af2ba.js",
          "schema_version": 0,
          "attributes": {
            "acl": "public-read",
            "arn": "arn:aws:s3:::assignment-react-next-django-app/_next/static/chunks/main-618129792a5af2ba.js",
            "bucket": "assignment-react-next-django-app",
            "bucket_key_enabled": false,
            "cache_control": "",
            "checksum_algorithm": null,
            "checksum_crc32": "",
            "checksum_crc32c": "",
            "checksum_sha1": "",
            "checksum_sha256": "",
            "content": null,
            "content_base64": null,
            "content_disposition": "",
            "content_encoding": "",
            "content_language": "",
            "content_type": "application/javascript",
            "etag": "b181316d8d3f187311244c52500cdb94",
            "force_destroy": false,
            "id": "_next/static/chunks/main-618129792a5af2ba.js",
            "key": "_next/static/chunks/main-618129792a5af2ba.js",
            "kms_key_id": null,
            "metadata": {},
            "object_lock_legal_hold_status": "",
            "object_lock_mode": "",
            "object_lock_retain_until_date": "",
            "override_provider": [],
            "server_side_encryption": "AES256",
            "source": "../out/_next/static/chunks/main-618129792a5af2ba.js",
            "source_hash": null,
            "storage_class": "STANDARD",
            "tags": {},
            "tags_all": {},
            "version_id": "",
            "website_redirect": ""
          },
          "sensitive_attributes": [],
          "private": "bnVsbA==",
          "dependencies": [
            "aws_s3_bucket.react_app_bucket",
            "aws_s3_bucket_acl.bucket_acl",
            "aws_s3_bucket_ownership_controls.bucket_ownership",
            "aws_s3_bucket_public_access_block.bucket_access_block"
          ]
        },
        {
          "index_key": "_next/static/chunks/main-app-3b5ea61c91cfdc94.js",
          "schema_version": 0,
          "attributes": {
            "acl": "public-read",
            "arn": "arn:aws:s3:::assignment-react-next-django-app/_next/static/chunks/main-app-3b5ea61c91cfdc94.js",
            "bucket": "assignment-react-next-django-app",
            "bucket_key_enabled": false,
            "cache_control": "",
            "checksum_algorithm": null,
            "checksum_crc32": "",
            "checksum_crc32c": "",
            "checksum_sha1": "",
            "checksum_sha256": "",
            "content": null,
            "content_base64": null,
            "content_disposition": "",
            "content_encoding": "",
            "content_language": "",
            "content_type": "application/javascript",
            "etag": "bad9b597f64b36e68df2ddda2f4ff020",
            "force_destroy": false,
            "id": "_next/static/chunks/main-app-3b5ea61c91cfdc94.js",
            "key": "_next/static/chunks/main-app-3b5ea61c91cfdc94.js",
            "kms_key_id": null,
            "metadata": {},
            "object_lock_legal_hold_status": "",
            "object_lock_mode": "",
            "object_lock_retain_until_date": "",
            "override_provider": [],
            "server_side_encryption": "AES256",
            "source": "../out/_next/static/chunks/main-app-3b5ea61c91cfdc94.js",
            "source_hash": null,
            "storage_class": "STANDARD",
            "tags": {},
            "tags_all": {},
            "version_id": "",
            "website_redirect": ""
          },
          "sensitive_attributes": [],
          "private": "bnVsbA==",
          "dependencies": [
            "aws_s3_bucket.react_app_bucket",
            "aws_s3_bucket_acl.bucket_acl",
            "aws_s3_bucket_ownership_controls.bucket_ownership",
            "aws_s3_bucket_public_access_block.bucket_access_block"
          ]
        },
        {
          "index_key": "_next/static/chunks/pages/_app-6a626577ffa902a4.js",
          "schema_version": 0,
          "attributes": {
            "acl": "public-read",
            "arn": "arn:aws:s3:::assignment-react-next-django-app/_next/static/chunks/pages/_app-6a626577ffa902a4.js",
            "bucket": "assignment-react-next-django-app",
            "bucket_key_enabled": false,
            "cache_control": "",
            "checksum_algorithm": null,
            "checksum_crc32": "",
            "checksum_crc32c": "",
            "checksum_sha1": "",
            "checksum_sha256": "",
            "content": null,
            "content_base64": null,
            "content_disposition": "",
            "content_encoding": "",
            "content_language": "",
            "content_type": "application/javascript",
            "etag": "21174aa8f99e95f6dad8d230d1d4cc6f",
            "force_destroy": false,
            "id": "_next/static/chunks/pages/_app-6a626577ffa902a4.js",
            "key": "_next/static/chunks/pages/_app-6a626577ffa902a4.js",
            "kms_key_id": null,
            "metadata": {},
            "object_lock_legal_hold_status": "",
            "object_lock_mode": "",
            "object_lock_retain_until_date": "",
            "override_provider": [],
            "server_side_encryption": "AES256",
            "source": "../out/_next/static/chunks/pages/_app-6a626577ffa902a4.js",
            "source_hash": null,
            "storage_class": "STANDARD",
            "tags": {},
            "tags_all": {},
            "version_id": "",
            "website_redirect": ""
          },
          "sensitive_attributes": [],
          "private": "bnVsbA==",
          "dependencies": [
            "aws_s3_bucket.react_app_bucket",
            "aws_s3_bucket_acl.bucket_acl",
            "aws_s3_bucket_ownership_controls.bucket_ownership",
            "aws_s3_bucket_public_access_block.bucket_access_block"
          ]
        },
        {
          "index_key": "_next/static/chunks/pages/_error-1be831200e60c5c0.js",
          "schema_version": 0,
          "attributes": {
            "acl": "public-read",
            "arn": "arn:aws:s3:::assignment-react-next-django-app/_next/static/chunks/pages/_error-1be831200e60c5c0.js",
            "bucket": "assignment-react-next-django-app",
            "bucket_key_enabled": false,
            "cache_control": "",
            "checksum_algorithm": null,
            "checksum_crc32": "",
            "checksum_crc32c": "",
            "checksum_sha1": "",
            "checksum_sha256": "",
            "content": null,
            "content_base64": null,
            "content_disposition": "",
            "content_encoding": "",
            "content_language": "",
            "content_type": "application/javascript",
            "etag": "d1907c97ac44dcd3993a973e8487a623",
            "force_destroy": false,
            "id": "_next/static/chunks/pages/_error-1be831200e60c5c0.js",
            "key": "_next/static/chunks/pages/_error-1be831200e60c5c0.js",
            "kms_key_id": null,
            "metadata": {},
            "object_lock_legal_hold_status": "",
            "object_lock_mode": "",
            "object_lock_retain_until_date": "",
            "override_provider": [],
            "server_side_encryption": "AES256",
            "source": "../out/_next/static/chunks/pages/_error-1be831200e60c5c0.js",
            "source_hash": null,
            "storage_class": "STANDARD",
            "tags": {},
            "tags_all": {},
            "version_id": "",
            "website_redirect": ""
          },
          "sensitive_attributes": [],
          "private": "bnVsbA==",
          "dependencies": [
            "aws_s3_bucket.react_app_bucket",
            "aws_s3_bucket_acl.bucket_acl",
            "aws_s3_bucket_ownership_controls.bucket_ownership",
            "aws_s3_bucket_public_access_block.bucket_access_block"
          ]
        },
        {
          "index_key": "_next/static/chunks/polyfills-78c92fac7aa8fdd8.js",
          "schema_version": 0,
          "attributes": {
            "acl": "public-read",
            "arn": "arn:aws:s3:::assignment-react-next-django-app/_next/static/chunks/polyfills-78c92fac7aa8fdd8.js",
            "bucket": "assignment-react-next-django-app",
            "bucket_key_enabled": false,
            "cache_control": "",
            "checksum_algorithm": null,
            "checksum_crc32": "",
            "checksum_crc32c": "",
            "checksum_sha1": "",
            "checksum_sha256": "",
            "content": null,
            "content_base64": null,
            "content_disposition": "",
            "content_encoding": "",
            "content_language": "",
            "content_type": "application/javascript",
            "etag": "79330112775102f91e1010318bae2bd3",
            "force_destroy": false,
            "id": "_next/static/chunks/polyfills-78c92fac7aa8fdd8.js",
            "key": "_next/static/chunks/polyfills-78c92fac7aa8fdd8.js",
            "kms_key_id": null,
            "metadata": {},
            "object_lock_legal_hold_status": "",
            "object_lock_mode": "",
            "object_lock_retain_until_date": "",
            "override_provider": [],
            "server_side_encryption": "AES256",
            "source": "../out/_next/static/chunks/polyfills-78c92fac7aa8fdd8.js",
            "source_hash": null,
            "storage_class": "STANDARD",
            "tags": {},
            "tags_all": {},
            "version_id": "",
            "website_redirect": ""
          },
          "sensitive_attributes": [],
          "private": "bnVsbA==",
          "dependencies": [
            "aws_s3_bucket.react_app_bucket",
            "aws_s3_bucket_acl.bucket_acl",
            "aws_s3_bucket_ownership_controls.bucket_ownership",
            "aws_s3_bucket_public_access_block.bucket_access_block"
          ]
        },
        {
          "index_key": "_next/static/chunks/webpack-1c9603b7d2042f8e.js",
          "schema_version": 0,
          "attributes": {
            "acl": "public-read",
            "arn": "arn:aws:s3:::assignment-react-next-django-app/_next/static/chunks/webpack-1c9603b7d2042f8e.js",
            "bucket": "assignment-react-next-django-app",
            "bucket_key_enabled": false,
            "cache_control": "",
            "checksum_algorithm": null,
            "checksum_crc32": "",
            "checksum_crc32c": "",
            "checksum_sha1": "",
            "checksum_sha256": "",
            "content": null,
            "content_base64": null,
            "content_disposition": "",
            "content_encoding": "",
            "content_language": "",
            "content_type": "application/javascript",
            "etag": "c9be74e2f63fe12bc98a9db6f2c470b0",
            "force_destroy": false,
            "id": "_next/static/chunks/webpack-1c9603b7d2042f8e.js",
            "key": "_next/static/chunks/webpack-1c9603b7d2042f8e.js",
            "kms_key_id": null,
            "metadata": {},
            "object_lock_legal_hold_status": "",
            "object_lock_mode": "",
            "object_lock_retain_until_date": "",
            "override_provider": [],
            "server_side_encryption": "AES256",
            "source": "../out/_next/static/chunks/webpack-1c9603b7d2042f8e.js",
            "source_hash": null,
            "storage_class": "STANDARD",
            "tags": {},
            "tags_all": {},
            "version_id": "",
            "website_redirect": ""
          },
          "sensitive_attributes": [],
          "private": "bnVsbA==",
          "dependencies": [
            "aws_s3_bucket.react_app_bucket",
            "aws_s3_bucket_acl.bucket_acl",
            "aws_s3_bucket_ownership_controls.bucket_ownership",
            "aws_s3_bucket_public_access_block.bucket_access_block"
          ]
        },
        {
          "index_key": "_next/static/css/dae2fb864a8f9304.css",
          "schema_version": 0,
          "attributes": {
            "acl": "public-read",
            "arn": "arn:aws:s3:::assignment-react-next-django-app/_next/static/css/dae2fb864a8f9304.css",
            "bucket": "assignment-react-next-django-app",
            "bucket_key_enabled": false,
            "cache_control": "",
            "checksum_algorithm": null,
            "checksum_crc32": "",
            "checksum_crc32c": "",
            "checksum_sha1": "",
            "checksum_sha256": "",
            "content": null,
            "content_base64": null,
            "content_disposition": "",
            "content_encoding": "",
            "content_language": "",
            "content_type": "text/css; charset=utf-8",
            "etag": "930b06ab60aab55f35ed7fd2e4e9c092",
            "force_destroy": false,
            "id": "_next/static/css/dae2fb864a8f9304.css",
            "key": "_next/static/css/dae2fb864a8f9304.css",
            "kms_key_id": null,
            "metadata": {},
            "object_lock_legal_hold_status": "",
            "object_lock_mode": "",
            "object_lock_retain_until_date": "",
            "override_provider": [],
            "server_side_encryption": "AES256",
            "source": "../out/_next/static/css/dae2fb864a8f9304.css",
            "source_hash": null,
            "storage_class": "STANDARD",
            "tags": {},
            "tags_all": {},
            "version_id": "",
            "website_redirect": ""
          },
          "sensitive_attributes": [],
          "private": "bnVsbA==",
          "dependencies": [
            "aws_s3_bucket.react_app_bucket",
            "aws_s3_bucket_acl.bucket_acl",
            "aws_s3_bucket_ownership_controls.bucket_ownership",
            "aws_s3_bucket_public_access_block.bucket_access_block"
          ]
        },
        {
          "index_key": "_next/static/hchodUPYxlzkN3XAmY6tY/_buildManifest.js",
          "schema_version": 0,
          "attributes": {
            "acl": "public-read",
            "arn": "arn:aws:s3:::assignment-react-next-django-app/_next/static/hchodUPYxlzkN3XAmY6tY/_buildManifest.js",
            "bucket": "assignment-react-next-django-app",
            "bucket_key_enabled": false,
            "cache_control": "",
            "checksum_algorithm": null,
            "checksum_crc32": "",
            "checksum_crc32c": "",
            "checksum_sha1": "",
            "checksum_sha256": "",
            "content": null,
            "content_base64": null,
            "content_disposition": "",
            "content_encoding": "",
            "content_language": "",
            "content_type": "application/javascript",
            "etag": "2ec694eb52ae4f523f265a46bae4d768",
            "force_destroy": false,
            "id": "_next/static/hchodUPYxlzkN3XAmY6tY/_buildManifest.js",
            "key": "_next/static/hchodUPYxlzkN3XAmY6tY/_buildManifest.js",
            "kms_key_id": null,
            "metadata": null,
            "object_lock_legal_hold_status": "",
            "object_lock_mode": "",
            "object_lock_retain_until_date": "",
            "override_provider": [],
            "server_side_encryption": "AES256",
            "source": "../out/_next/static/hchodUPYxlzkN3XAmY6tY/_buildManifest.js",
            "source_hash": null,
            "storage_class": "STANDARD",
            "tags": null,
            "tags_all": {},
            "version_id": "",
            "website_redirect": ""
          },
          "sensitive_attributes": [],
          "private": "bnVsbA==",
          "dependencies": [
            "aws_s3_bucket.react_app_bucket",
            "aws_s3_bucket_acl.bucket_acl",
            "aws_s3_bucket_ownership_controls.bucket_ownership",
            "aws_s3_bucket_public_access_block.bucket_access_block"
          ]
        },
        {
          "index_key": "_next/static/hchodUPYxlzkN3XAmY6tY/_ssgManifest.js",
          "schema_version": 0,
          "attributes": {
            "acl": "public-read",
            "arn": "arn:aws:s3:::assignment-react-next-django-app/_next/static/hchodUPYxlzkN3XAmY6tY/_ssgManifest.js",
            "bucket": "assignment-react-next-django-app",
            "bucket_key_enabled": false,
            "cache_control": "",
            "checksum_algorithm": null,
            "checksum_crc32": "",
            "checksum_crc32c": "",
            "checksum_sha1": "",
            "checksum_sha256": "",
            "content": null,
            "content_base64": null,
            "content_disposition": "",
            "content_encoding": "",
            "content_language": "",
            "content_type": "application/javascript",
            "etag": "b404e23d62d95bafd03ad7747cc0e88b",
            "force_destroy": false,
            "id": "_next/static/hchodUPYxlzkN3XAmY6tY/_ssgManifest.js",
            "key": "_next/static/hchodUPYxlzkN3XAmY6tY/_ssgManifest.js",
            "kms_key_id": null,
            "metadata": null,
            "object_lock_legal_hold_status": "",
            "object_lock_mode": "",
            "object_lock_retain_until_date": "",
            "override_provider": [],
            "server_side_encryption": "AES256",
            "source": "../out/_next/static/hchodUPYxlzkN3XAmY6tY/_ssgManifest.js",
            "source_hash": null,
            "storage_class": "STANDARD",
            "tags": null,
            "tags_all": {},
            "version_id": "",
            "website_redirect": ""
          },
          "sensitive_attributes": [],
          "private": "bnVsbA==",
          "dependencies": [
            "aws_s3_bucket.react_app_bucket",
            "aws_s3_bucket_acl.bucket_acl",
            "aws_s3_bucket_ownership_controls.bucket_ownership",
            "aws_s3_bucket_public_access_block.bucket_access_block"
          ]
        },
        {
          "index_key": "_next/static/media/05a31a2ca4975f99-s.woff2",
          "schema_version": 0,
          "attributes": {
            "acl": "public-read",
            "arn": "arn:aws:s3:::assignment-react-next-django-app/_next/static/media/05a31a2ca4975f99-s.woff2",
            "bucket": "assignment-react-next-django-app",
            "bucket_key_enabled": false,
            "cache_control": "",
            "checksum_algorithm": null,
            "checksum_crc32": "",
            "checksum_crc32c": "",
            "checksum_sha1": "",
            "checksum_sha256": "",
            "content": null,
            "content_base64": null,
            "content_disposition": "",
            "content_encoding": "",
            "content_language": "",
            "content_type": "font/woff2",
            "etag": "f1b44860c66554b91f3b1c81556f73ca",
            "force_destroy": false,
            "id": "_next/static/media/05a31a2ca4975f99-s.woff2",
            "key": "_next/static/media/05a31a2ca4975f99-s.woff2",
            "kms_key_id": null,
            "metadata": {},
            "object_lock_legal_hold_status": "",
            "object_lock_mode": "",
            "object_lock_retain_until_date": "",
            "override_provider": [],
            "server_side_encryption": "AES256",
            "source": "../out/_next/static/media/05a31a2ca4975f99-s.woff2",
            "source_hash": null,
            "storage_class": "STANDARD",
            "tags": {},
            "tags_all": {},
            "version_id": "",
            "website_redirect": ""
          },
          "sensitive_attributes": [],
          "private": "bnVsbA==",
          "dependencies": [
            "aws_s3_bucket.react_app_bucket",
            "aws_s3_bucket_acl.bucket_acl",
            "aws_s3_bucket_ownership_controls.bucket_ownership",
            "aws_s3_bucket_public_access_block.bucket_access_block"
          ]
        },
        {
          "index_key": "_next/static/media/513657b02c5c193f-s.woff2",
          "schema_version": 0,
          "attributes": {
            "acl": "public-read",
            "arn": "arn:aws:s3:::assignment-react-next-django-app/_next/static/media/513657b02c5c193f-s.woff2",
            "bucket": "assignment-react-next-django-app",
            "bucket_key_enabled": false,
            "cache_control": "",
            "checksum_algorithm": null,
            "checksum_crc32": "",
            "checksum_crc32c": "",
            "checksum_sha1": "",
            "checksum_sha256": "",
            "content": null,
            "content_base64": null,
            "content_disposition": "",
            "content_encoding": "",
            "content_language": "",
            "content_type": "font/woff2",
            "etag": "c4eb7f37bc4206c901ab08601f21f0f2",
            "force_destroy": false,
            "id": "_next/static/media/513657b02c5c193f-s.woff2",
            "key": "_next/static/media/513657b02c5c193f-s.woff2",
            "kms_key_id": null,
            "metadata": {},
            "object_lock_legal_hold_status": "",
            "object_lock_mode": "",
            "object_lock_retain_until_date": "",
            "override_provider": [],
            "server_side_encryption": "AES256",
            "source": "../out/_next/static/media/513657b02c5c193f-s.woff2",
            "source_hash": null,
            "storage_class": "STANDARD",
            "tags": {},
            "tags_all": {},
            "version_id": "",
            "website_redirect": ""
          },
          "sensitive_attributes": [],
          "private": "bnVsbA==",
          "dependencies": [
            "aws_s3_bucket.react_app_bucket",
            "aws_s3_bucket_acl.bucket_acl",
            "aws_s3_bucket_ownership_controls.bucket_ownership",
            "aws_s3_bucket_public_access_block.bucket_access_block"
          ]
        },
        {
          "index_key": "_next/static/media/51ed15f9841b9f9d-s.woff2",
          "schema_version": 0,
          "attributes": {
            "acl": "public-read",
            "arn": "arn:aws:s3:::assignment-react-next-django-app/_next/static/media/51ed15f9841b9f9d-s.woff2",
            "bucket": "assignment-react-next-django-app",
            "bucket_key_enabled": false,
            "cache_control": "",
            "checksum_algorithm": null,
            "checksum_crc32": "",
            "checksum_crc32c": "",
            "checksum_sha1": "",
            "checksum_sha256": "",
            "content": null,
            "content_base64": null,
            "content_disposition": "",
            "content_encoding": "",
            "content_language": "",
            "content_type": "font/woff2",
            "etag": "bb9d99fb9bbc695be80777ca2c1c2bee",
            "force_destroy": false,
            "id": "_next/static/media/51ed15f9841b9f9d-s.woff2",
            "key": "_next/static/media/51ed15f9841b9f9d-s.woff2",
            "kms_key_id": null,
            "metadata": {},
            "object_lock_legal_hold_status": "",
            "object_lock_mode": "",
            "object_lock_retain_until_date": "",
            "override_provider": [],
            "server_side_encryption": "AES256",
            "source": "../out/_next/static/media/51ed15f9841b9f9d-s.woff2",
            "source_hash": null,
            "storage_class": "STANDARD",
            "tags": {},
            "tags_all": {},
            "version_id": "",
            "website_redirect": ""
          },
          "sensitive_attributes": [],
          "private": "bnVsbA==",
          "dependencies": [
            "aws_s3_bucket.react_app_bucket",
            "aws_s3_bucket_acl.bucket_acl",
            "aws_s3_bucket_ownership_controls.bucket_ownership",
            "aws_s3_bucket_public_access_block.bucket_access_block"
          ]
        },
        {
          "index_key": "_next/static/media/c9a5bc6a7c948fb0-s.p.woff2",
          "schema_version": 0,
          "attributes": {
            "acl": "public-read",
            "arn": "arn:aws:s3:::assignment-react-next-django-app/_next/static/media/c9a5bc6a7c948fb0-s.p.woff2",
            "bucket": "assignment-react-next-django-app",
            "bucket_key_enabled": false,
            "cache_control": "",
            "checksum_algorithm": null,
            "checksum_crc32": "",
            "checksum_crc32c": "",
            "checksum_sha1": "",
            "checksum_sha256": "",
            "content": null,
            "content_base64": null,
            "content_disposition": "",
            "content_encoding": "",
            "content_language": "",
            "content_type": "font/woff2",
            "etag": "74c3556b9dad12fb76f84af53ba69410",
            "force_destroy": false,
            "id": "_next/static/media/c9a5bc6a7c948fb0-s.p.woff2",
            "key": "_next/static/media/c9a5bc6a7c948fb0-s.p.woff2",
            "kms_key_id": null,
            "metadata": {},
            "object_lock_legal_hold_status": "",
            "object_lock_mode": "",
            "object_lock_retain_until_date": "",
            "override_provider": [],
            "server_side_encryption": "AES256",
            "source": "../out/_next/static/media/c9a5bc6a7c948fb0-s.p.woff2",
            "source_hash": null,
            "storage_class": "STANDARD",
            "tags": {},
            "tags_all": {},
            "version_id": "",
            "website_redirect": ""
          },
          "sensitive_attributes": [],
          "private": "bnVsbA==",
          "dependencies": [
            "aws_s3_bucket.react_app_bucket",
            "aws_s3_bucket_acl.bucket_acl",
            "aws_s3_bucket_ownership_controls.bucket_ownership",
            "aws_s3_bucket_public_access_block.bucket_access_block"
          ]
        },
        {
          "index_key": "_next/static/media/d6b16ce4a6175f26-s.woff2",
          "schema_version": 0,
          "attributes": {
            "acl": "public-read",
            "arn": "arn:aws:s3:::assignment-react-next-django-app/_next/static/media/d6b16ce4a6175f26-s.woff2",
            "bucket": "assignment-react-next-django-app",
            "bucket_key_enabled": false,
            "cache_control": "",
            "checksum_algorithm": null,
            "checksum_crc32": "",
            "checksum_crc32c": "",
            "checksum_sha1": "",
            "checksum_sha256": "",
            "content": null,
            "content_base64": null,
            "content_disposition": "",
            "content_encoding": "",
            "content_language": "",
            "content_type": "font/woff2",
            "etag": "dd930bafc6297347be3213f22cc53d3e",
            "force_destroy": false,
            "id": "_next/static/media/d6b16ce4a6175f26-s.woff2",
            "key": "_next/static/media/d6b16ce4a6175f26-s.woff2",
            "kms_key_id": null,
            "metadata": {},
            "object_lock_legal_hold_status": "",
            "object_lock_mode": "",
            "object_lock_retain_until_date": "",
            "override_provider": [],
            "server_side_encryption": "AES256",
            "source": "../out/_next/static/media/d6b16ce4a6175f26-s.woff2",
            "source_hash": null,
            "storage_class": "STANDARD",
            "tags": {},
            "tags_all": {},
            "version_id": "",
            "website_redirect": ""
          },
          "sensitive_attributes": [],
          "private": "bnVsbA==",
          "dependencies": [
            "aws_s3_bucket.react_app_bucket",
            "aws_s3_bucket_acl.bucket_acl",
            "aws_s3_bucket_ownership_controls.bucket_ownership",
            "aws_s3_bucket_public_access_block.bucket_access_block"
          ]
        },
        {
          "index_key": "_next/static/media/ec159349637c90ad-s.woff2",
          "schema_version": 0,
          "attributes": {
            "acl": "public-read",
            "arn": "arn:aws:s3:::assignment-react-next-django-app/_next/static/media/ec159349637c90ad-s.woff2",
            "bucket": "assignment-react-next-django-app",
            "bucket_key_enabled": false,
            "cache_control": "",
            "checksum_algorithm": null,
            "checksum_crc32": "",
            "checksum_crc32c": "",
            "checksum_sha1": "",
            "checksum_sha256": "",
            "content": null,
            "content_base64": null,
            "content_disposition": "",
            "content_encoding": "",
            "content_language": "",
            "content_type": "font/woff2",
            "etag": "0e89df9522084290e01e4127495fae99",
            "force_destroy": false,
            "id": "_next/static/media/ec159349637c90ad-s.woff2",
            "key": "_next/static/media/ec159349637c90ad-s.woff2",
            "kms_key_id": null,
            "metadata": {},
            "object_lock_legal_hold_status": "",
            "object_lock_mode": "",
            "object_lock_retain_until_date": "",
            "override_provider": [],
            "server_side_encryption": "AES256",
            "source": "../out/_next/static/media/ec159349637c90ad-s.woff2",
            "source_hash": null,
            "storage_class": "STANDARD",
            "tags": {},
            "tags_all": {},
            "version_id": "",
            "website_redirect": ""
          },
          "sensitive_attributes": [],
          "private": "bnVsbA==",
          "dependencies": [
            "aws_s3_bucket.react_app_bucket",
            "aws_s3_bucket_acl.bucket_acl",
            "aws_s3_bucket_ownership_controls.bucket_ownership",
            "aws_s3_bucket_public_access_block.bucket_access_block"
          ]
        },
        {
          "index_key": "_next/static/media/fd4db3eb5472fc27-s.woff2",
          "schema_version": 0,
          "attributes": {
            "acl": "public-read",
            "arn": "arn:aws:s3:::assignment-react-next-django-app/_next/static/media/fd4db3eb5472fc27-s.woff2",
            "bucket": "assignment-react-next-django-app",
            "bucket_key_enabled": false,
            "cache_control": "",
            "checksum_algorithm": null,
            "checksum_crc32": "",
            "checksum_crc32c": "",
            "checksum_sha1": "",
            "checksum_sha256": "",
            "content": null,
            "content_base64": null,
            "content_disposition": "",
            "content_encoding": "",
            "content_language": "",
            "content_type": "font/woff2",
            "etag": "71f3fcaf22131c3368d9ec28ef839831",
            "force_destroy": false,
            "id": "_next/static/media/fd4db3eb5472fc27-s.woff2",
            "key": "_next/static/media/fd4db3eb5472fc27-s.woff2",
            "kms_key_id": null,
            "metadata": {},
            "object_lock_legal_hold_status": "",
            "object_lock_mode": "",
            "object_lock_retain_until_date": "",
            "override_provider": [],
            "server_side_encryption": "AES256",
            "source": "../out/_next/static/media/fd4db3eb5472fc27-s.woff2",
            "source_hash": null,
            "storage_class": "STANDARD",
            "tags": {},
            "tags_all": {},
            "version_id": "",
            "website_redirect": ""
          },
          "sensitive_attributes": [],
          "private": "bnVsbA==",
          "dependencies": [
            "aws_s3_bucket.react_app_bucket",
            "aws_s3_bucket_acl.bucket_acl",
            "aws_s3_bucket_ownership_controls.bucket_ownership",
            "aws_s3_bucket_public_access_block.bucket_access_block"
          ]
        },
        {
          "index_key": "about.html",
          "schema_version": 0,
          "attributes": {
            "acl": "public-read",
            "arn": "arn:aws:s3:::assignment-react-next-django-app/about.html",
            "bucket": "assignment-react-next-django-app",
            "bucket_key_enabled": false,
            "cache_control": "",
            "checksum_algorithm": null,
            "checksum_crc32": "",
            "checksum_crc32c": "",
            "checksum_sha1": "",
            "checksum_sha256": "",
            "content": null,
            "content_base64": null,
            "content_disposition": "",
            "content_encoding": "",
            "content_language": "",
            "content_type": "text/html; charset=utf-8",
            "etag": "a3c5eb987ebc5f7c8fc60a2dfd6a692b",
            "force_destroy": false,
            "id": "about.html",
            "key": "about.html",
            "kms_key_id": null,
            "metadata": {},
            "object_lock_legal_hold_status": "",
            "object_lock_mode": "",
            "object_lock_retain_until_date": "",
            "override_provider": [],
            "server_side_encryption": "AES256",
            "source": "../out/about.html",
            "source_hash": null,
            "storage_class": "STANDARD",
            "tags": {},
            "tags_all": {},
            "version_id": "",
            "website_redirect": ""
          },
          "sensitive_attributes": [],
          "private": "bnVsbA==",
          "dependencies": [
            "aws_s3_bucket.react_app_bucket",
            "aws_s3_bucket_acl.bucket_acl",
            "aws_s3_bucket_ownership_controls.bucket_ownership",
            "aws_s3_bucket_public_access_block.bucket_access_block"
          ]
        },
        {
          "index_key": "about.txt",
          "schema_version": 0,
          "attributes": {
            "acl": "public-read",
            "arn": "arn:aws:s3:::assignment-react-next-django-app/about.txt",
            "bucket": "assignment-react-next-django-app",
            "bucket_key_enabled": false,
            "cache_control": "",
            "checksum_algorithm": null,
            "checksum_crc32": "",
            "checksum_crc32c": "",
            "checksum_sha1": "",
            "checksum_sha256": "",
            "content": null,
            "content_base64": null,
            "content_disposition": "",
            "content_encoding": "",
            "content_language": "",
            "content_type": "text/plain; charset=utf-8",
            "etag": "922fed3e05ff6dca8407fcaf0eec0f50",
            "force_destroy": false,
            "id": "about.txt",
            "key": "about.txt",
            "kms_key_id": null,
            "metadata": {},
            "object_lock_legal_hold_status": "",
            "object_lock_mode": "",
            "object_lock_retain_until_date": "",
            "override_provider": [],
            "server_side_encryption": "AES256",
            "source": "../out/about.txt",
            "source_hash": null,
            "storage_class": "STANDARD",
            "tags": {},
            "tags_all": {},
            "version_id": "",
            "website_redirect": ""
          },
          "sensitive_attributes": [],
          "private": "bnVsbA==",
          "dependencies": [
            "aws_s3_bucket.react_app_bucket",
            "aws_s3_bucket_acl.bucket_acl",
            "aws_s3_bucket_ownership_controls.bucket_ownership",
            "aws_s3_bucket_public_access_block.bucket_access_block"
          ]
        },
        {
          "index_key": "contact.html",
          "schema_version": 0,
          "attributes": {
            "acl": "public-read",
            "arn": "arn:aws:s3:::assignment-react-next-django-app/contact.html",
            "bucket": "assignment-react-next-django-app",
            "bucket_key_enabled": false,
            "cache_control": "",
            "checksum_algorithm": null,
            "checksum_crc32": "",
            "checksum_crc32c": "",
            "checksum_sha1": "",
            "checksum_sha256": "",
            "content": null,
            "content_base64": null,
            "content_disposition": "",
            "content_encoding": "",
            "content_language": "",
            "content_type": "text/html; charset=utf-8",
            "etag": "4494f1f4f9e148522fb86898a77f079d",
            "force_destroy": false,
            "id": "contact.html",
            "key": "contact.html",
            "kms_key_id": null,
            "metadata": {},
            "object_lock_legal_hold_status": "",
            "object_lock_mode": "",
            "object_lock_retain_until_date": "",
            "override_provider": [],
            "server_side_encryption": "AES256",
            "source": "../out/contact.html",
            "source_hash": null,
            "storage_class": "STANDARD",
            "tags": {},
            "tags_all": {},
            "version_id": "",
            "website_redirect": ""
          },
          "sensitive_attributes": [],
          "private": "bnVsbA==",
          "dependencies": [
            "aws_s3_bucket.react_app_bucket",
            "aws_s3_bucket_acl.bucket_acl",
            "aws_s3_bucket_ownership_controls.bucket_ownership",
            "aws_s3_bucket_public_access_block.bucket_access_block"
          ]
        },
        {
          "index_key": "contact.txt",
          "schema_version": 0,
          "attributes": {
            "acl": "public-read",
            "arn": "arn:aws:s3:::assignment-react-next-django-app/contact.txt",
            "bucket": "assignment-react-next-django-app",
            "bucket_key_enabled": false,
            "cache_control": "",
            "checksum_algorithm": null,
            "checksum_crc32": "",
            "checksum_crc32c": "",
            "checksum_sha1": "",
            "checksum_sha256": "",
            "content": null,
            "content_base64": null,
            "content_disposition": "",
            "content_encoding": "",
            "content_language": "",
            "content_type": "text/plain; charset=utf-8",
            "etag": "018622814cdf44215f7491fe993fc6b1",
            "force_destroy": false,
            "id": "contact.txt",
            "key": "contact.txt",
            "kms_key_id": null,
            "metadata": {},
            "object_lock_legal_hold_status": "",
            "object_lock_mode": "",
            "object_lock_retain_until_date": "",
            "override_provider": [],
            "server_side_encryption": "AES256",
            "source": "../out/contact.txt",
            "source_hash": null,
            "storage_class": "STANDARD",
            "tags": {},
            "tags_all": {},
            "version_id": "",
            "website_redirect": ""
          },
          "sensitive_attributes": [],
          "private": "bnVsbA==",
          "dependencies": [
            "aws_s3_bucket.react_app_bucket",
            "aws_s3_bucket_acl.bucket_acl",
            "aws_s3_bucket_ownership_controls.bucket_ownership",
            "aws_s3_bucket_public_access_block.bucket_access_block"
          ]
        },
        {
          "index_key": "favicon.ico",
          "schema_version": 0,
          "attributes": {
            "acl": "public-read",
            "arn": "arn:aws:s3:::assignment-react-next-django-app/favicon.ico",
            "bucket": "assignment-react-next-django-app",
            "bucket_key_enabled": false,
            "cache_control": "",
            "checksum_algorithm": null,
            "checksum_crc32": "",
            "checksum_crc32c": "",
            "checksum_sha1": "",
            "checksum_sha256": "",
            "content": null,
            "content_base64": null,
            "content_disposition": "",
            "content_encoding": "",
            "content_language": "",
            "content_type": "image/vnd.microsoft.icon",
            "etag": "c30c7d42707a47a3f4591831641e50dc",
            "force_destroy": false,
            "id": "favicon.ico",
            "key": "favicon.ico",
            "kms_key_id": null,
            "metadata": {},
            "object_lock_legal_hold_status": "",
            "object_lock_mode": "",
            "object_lock_retain_until_date": "",
            "override_provider": [],
            "server_side_encryption": "AES256",
            "source": "../out/favicon.ico",
            "source_hash": null,
            "storage_class": "STANDARD",
            "tags": {},
            "tags_all": {},
            "version_id": "",
            "website_redirect": ""
          },
          "sensitive_attributes": [],
          "private": "bnVsbA==",
          "dependencies": [
            "aws_s3_bucket.react_app_bucket",
            "aws_s3_bucket_acl.bucket_acl",
            "aws_s3_bucket_ownership_controls.bucket_ownership",
            "aws_s3_bucket_public_access_block.bucket_access_block"
          ]
        },
        {
          "index_key": "index.html",
          "schema_version": 0,
          "attributes": {
            "acl": "public-read",
            "arn": "arn:aws:s3:::assignment-react-next-django-app/index.html",
            "bucket": "assignment-react-next-django-app",
            "bucket_key_enabled": false,
            "cache_control": "",
            "checksum_algorithm": null,
            "checksum_crc32": "",
            "checksum_crc32c": "",
            "checksum_sha1": "",
            "checksum_sha256": "",
            "content": null,
            "content_base64": null,
            "content_disposition": "",
            "content_encoding": "",
            "content_language": "",
            "content_type": "text/html; charset=utf-8",
            "etag": "e0bf18982009b4085b87c2458dae6c88",
            "force_destroy": false,
            "id": "index.html",
            "key": "index.html",
            "kms_key_id": null,
            "metadata": {},
            "object_lock_legal_hold_status": "",
            "object_lock_mode": "",
            "object_lock_retain_until_date": "",
            "override_provider": [],
            "server_side_encryption": "AES256",
            "source": "../out/index.html",
            "source_hash": null,
            "storage_class": "STANDARD",
            "tags": {},
            "tags_all": {},
            "version_id": "",
            "website_redirect": ""
          },
          "sensitive_attributes": [],
          "private": "bnVsbA==",
          "dependencies": [
            "aws_s3_bucket.react_app_bucket",
            "aws_s3_bucket_acl.bucket_acl",
            "aws_s3_bucket_ownership_controls.bucket_ownership",
            "aws_s3_bucket_public_access_block.bucket_access_block"
          ]
        },
        {
          "index_key": "index.txt",
          "schema_version": 0,
          "attributes": {
            "acl": "public-read",
            "arn": "arn:aws:s3:::assignment-react-next-django-app/index.txt",
            "bucket": "assignment-react-next-django-app",
            "bucket_key_enabled": false,
            "cache_control": "",
            "checksum_algorithm": null,
            "checksum_crc32": "",
            "checksum_crc32c": "",
            "checksum_sha1": "",
            "checksum_sha256": "",
            "content": null,
            "content_base64": null,
            "content_disposition": "",
            "content_encoding": "",
            "content_language": "",
            "content_type": "text/plain; charset=utf-8",
            "etag": "17ada456ce88d63ad8102ad1d82b7ee1",
            "force_destroy": false,
            "id": "index.txt",
            "key": "index.txt",
            "kms_key_id": null,
            "metadata": {},
            "object_lock_legal_hold_status": "",
            "object_lock_mode": "",
            "object_lock_retain_until_date": "",
            "override_provider": [],
            "server_side_encryption": "AES256",
            "source": "../out/index.txt",
            "source_hash": null,
            "storage_class": "STANDARD",
            "tags": {},
            "tags_all": {},
            "version_id": "",
            "website_redirect": ""
          },
          "sensitive_attributes": [],
          "private": "bnVsbA==",
          "dependencies": [
            "aws_s3_bucket.react_app_bucket",
            "aws_s3_bucket_acl.bucket_acl",
            "aws_s3_bucket_ownership_controls.bucket_ownership",
            "aws_s3_bucket_public_access_block.bucket_access_block"
          ]
        },
        {
          "index_key": "next.svg",
          "schema_version": 0,
          "attributes": {
            "acl": "public-read",
            "arn": "arn:aws:s3:::assignment-react-next-django-app/next.svg",
            "bucket": "assignment-react-next-django-app",
            "bucket_key_enabled": false,
            "cache_control": "",
            "checksum_algorithm": null,
            "checksum_crc32": "",
            "checksum_crc32c": "",
            "checksum_sha1": "",
            "checksum_sha256": "",
            "content": null,
            "content_base64": null,
            "content_disposition": "",
            "content_encoding": "",
            "content_language": "",
            "content_type": "image/svg+xml",
            "etag": "8e061864f388b47f33a1c3780831193e",
            "force_destroy": false,
            "id": "next.svg",
            "key": "next.svg",
            "kms_key_id": null,
            "metadata": {},
            "object_lock_legal_hold_status": "",
            "object_lock_mode": "",
            "object_lock_retain_until_date": "",
            "override_provider": [],
            "server_side_encryption": "AES256",
            "source": "../out/next.svg",
            "source_hash": null,
            "storage_class": "STANDARD",
            "tags": {},
            "tags_all": {},
            "version_id": "",
            "website_redirect": ""
          },
          "sensitive_attributes": [],
          "private": "bnVsbA==",
          "dependencies": [
            "aws_s3_bucket.react_app_bucket",
            "aws_s3_bucket_acl.bucket_acl",
            "aws_s3_bucket_ownership_controls.bucket_ownership",
            "aws_s3_bucket_public_access_block.bucket_access_block"
          ]
        },
        {
          "index_key": "photos/glazy-ramen-bowl.png",
          "schema_version": 0,
          "attributes": {
            "acl": "public-read",
            "arn": "arn:aws:s3:::assignment-react-next-django-app/photos/glazy-ramen-bowl.png",
            "bucket": "assignment-react-next-django-app",
            "bucket_key_enabled": false,
            "cache_control": "",
            "checksum_algorithm": null,
            "checksum_crc32": "",
            "checksum_crc32c": "",
            "checksum_sha1": "",
            "checksum_sha256": "",
            "content": null,
            "content_base64": null,
            "content_disposition": "",
            "content_encoding": "",
            "content_language": "",
            "content_type": "image/png",
            "etag": "b4a25d3e58a26a331eaef957fe63bdd1",
            "force_destroy": false,
            "id": "photos/glazy-ramen-bowl.png",
            "key": "photos/glazy-ramen-bowl.png",
            "kms_key_id": null,
            "metadata": {},
            "object_lock_legal_hold_status": "",
            "object_lock_mode": "",
            "object_lock_retain_until_date": "",
            "override_provider": [],
            "server_side_encryption": "AES256",
            "source": "../out/photos/glazy-ramen-bowl.png",
            "source_hash": null,
            "storage_class": "STANDARD",
            "tags": {},
            "tags_all": {},
            "version_id": "",
            "website_redirect": ""
          },
          "sensitive_attributes": [],
          "private": "bnVsbA==",
          "dependencies": [
            "aws_s3_bucket.react_app_bucket",
            "aws_s3_bucket_acl.bucket_acl",
            "aws_s3_bucket_ownership_controls.bucket_ownership",
            "aws_s3_bucket_public_access_block.bucket_access_block"
          ]
        },
        {
          "index_key": "photos/recipePhotos/food-1.jpg",
          "schema_version": 0,
          "attributes": {
            "acl": "public-read",
            "arn": "arn:aws:s3:::assignment-react-next-django-app/photos/recipePhotos/food-1.jpg",
            "bucket": "assignment-react-next-django-app",
            "bucket_key_enabled": false,
            "cache_control": "",
            "checksum_algorithm": null,
            "checksum_crc32": "",
            "checksum_crc32c": "",
            "checksum_sha1": "",
            "checksum_sha256": "",
            "content": null,
            "content_base64": null,
            "content_disposition": "",
            "content_encoding": "",
            "content_language": "",
            "content_type": "image/jpeg",
            "etag": "ce6ff650551833d01a57c3dda3b9a877",
            "force_destroy": false,
            "id": "photos/recipePhotos/food-1.jpg",
            "key": "photos/recipePhotos/food-1.jpg",
            "kms_key_id": null,
            "metadata": {},
            "object_lock_legal_hold_status": "",
            "object_lock_mode": "",
            "object_lock_retain_until_date": "",
            "override_provider": [],
            "server_side_encryption": "AES256",
            "source": "../out/photos/recipePhotos/food-1.jpg",
            "source_hash": null,
            "storage_class": "STANDARD",
            "tags": {},
            "tags_all": {},
            "version_id": "",
            "website_redirect": ""
          },
          "sensitive_attributes": [],
          "private": "bnVsbA==",
          "dependencies": [
            "aws_s3_bucket.react_app_bucket",
            "aws_s3_bucket_acl.bucket_acl",
            "aws_s3_bucket_ownership_controls.bucket_ownership",
            "aws_s3_bucket_public_access_block.bucket_access_block"
          ]
        },
        {
          "index_key": "photos/recipePhotos/food-2.jpg",
          "schema_version": 0,
          "attributes": {
            "acl": "public-read",
            "arn": "arn:aws:s3:::assignment-react-next-django-app/photos/recipePhotos/food-2.jpg",
            "bucket": "assignment-react-next-django-app",
            "bucket_key_enabled": false,
            "cache_control": "",
            "checksum_algorithm": null,
            "checksum_crc32": "",
            "checksum_crc32c": "",
            "checksum_sha1": "",
            "checksum_sha256": "",
            "content": null,
            "content_base64": null,
            "content_disposition": "",
            "content_encoding": "",
            "content_language": "",
            "content_type": "image/jpeg",
            "etag": "3a99bf9e15a2fd1e2e109f10e177ac59",
            "force_destroy": false,
            "id": "photos/recipePhotos/food-2.jpg",
            "key": "photos/recipePhotos/food-2.jpg",
            "kms_key_id": null,
            "metadata": {},
            "object_lock_legal_hold_status": "",
            "object_lock_mode": "",
            "object_lock_retain_until_date": "",
            "override_provider": [],
            "server_side_encryption": "AES256",
            "source": "../out/photos/recipePhotos/food-2.jpg",
            "source_hash": null,
            "storage_class": "STANDARD",
            "tags": {},
            "tags_all": {},
            "version_id": "",
            "website_redirect": ""
          },
          "sensitive_attributes": [],
          "private": "bnVsbA==",
          "dependencies": [
            "aws_s3_bucket.react_app_bucket",
            "aws_s3_bucket_acl.bucket_acl",
            "aws_s3_bucket_ownership_controls.bucket_ownership",
            "aws_s3_bucket_public_access_block.bucket_access_block"
          ]
        },
        {
          "index_key": "photos/recipePhotos/food-3.jpg",
          "schema_version": 0,
          "attributes": {
            "acl": "public-read",
            "arn": "arn:aws:s3:::assignment-react-next-django-app/photos/recipePhotos/food-3.jpg",
            "bucket": "assignment-react-next-django-app",
            "bucket_key_enabled": false,
            "cache_control": "",
            "checksum_algorithm": null,
            "checksum_crc32": "",
            "checksum_crc32c": "",
            "checksum_sha1": "",
            "checksum_sha256": "",
            "content": null,
            "content_base64": null,
            "content_disposition": "",
            "content_encoding": "",
            "content_language": "",
            "content_type": "image/jpeg",
            "etag": "d5a01010c79825109084c5a1200f91c8",
            "force_destroy": false,
            "id": "photos/recipePhotos/food-3.jpg",
            "key": "photos/recipePhotos/food-3.jpg",
            "kms_key_id": null,
            "metadata": {},
            "object_lock_legal_hold_status": "",
            "object_lock_mode": "",
            "object_lock_retain_until_date": "",
            "override_provider": [],
            "server_side_encryption": "AES256",
            "source": "../out/photos/recipePhotos/food-3.jpg",
            "source_hash": null,
            "storage_class": "STANDARD",
            "tags": {},
            "tags_all": {},
            "version_id": "",
            "website_redirect": ""
          },
          "sensitive_attributes": [],
          "private": "bnVsbA==",
          "dependencies": [
            "aws_s3_bucket.react_app_bucket",
            "aws_s3_bucket_acl.bucket_acl",
            "aws_s3_bucket_ownership_controls.bucket_ownership",
            "aws_s3_bucket_public_access_block.bucket_access_block"
          ]
        },
        {
          "index_key": "photos/recipePhotos/food-4.jpg",
          "schema_version": 0,
          "attributes": {
            "acl": "public-read",
            "arn": "arn:aws:s3:::assignment-react-next-django-app/photos/recipePhotos/food-4.jpg",
            "bucket": "assignment-react-next-django-app",
            "bucket_key_enabled": false,
            "cache_control": "",
            "checksum_algorithm": null,
            "checksum_crc32": "",
            "checksum_crc32c": "",
            "checksum_sha1": "",
            "checksum_sha256": "",
            "content": null,
            "content_base64": null,
            "content_disposition": "",
            "content_encoding": "",
            "content_language": "",
            "content_type": "image/jpeg",
            "etag": "3468dd17c0674971eb73e36555901cc2-2",
            "force_destroy": false,
            "id": "photos/recipePhotos/food-4.jpg",
            "key": "photos/recipePhotos/food-4.jpg",
            "kms_key_id": null,
            "metadata": {},
            "object_lock_legal_hold_status": "",
            "object_lock_mode": "",
            "object_lock_retain_until_date": "",
            "override_provider": [],
            "server_side_encryption": "AES256",
            "source": "../out/photos/recipePhotos/food-4.jpg",
            "source_hash": null,
            "storage_class": "STANDARD",
            "tags": {},
            "tags_all": {},
            "version_id": "",
            "website_redirect": ""
          },
          "sensitive_attributes": [],
          "private": "bnVsbA==",
          "dependencies": [
            "aws_s3_bucket.react_app_bucket",
            "aws_s3_bucket_acl.bucket_acl",
            "aws_s3_bucket_ownership_controls.bucket_ownership",
            "aws_s3_bucket_public_access_block.bucket_access_block"
          ]
        },
        {
          "index_key": "photos/recipePhotos/food-5.jpg",
          "schema_version": 0,
          "attributes": {
            "acl": "public-read",
            "arn": "arn:aws:s3:::assignment-react-next-django-app/photos/recipePhotos/food-5.jpg",
            "bucket": "assignment-react-next-django-app",
            "bucket_key_enabled": false,
            "cache_control": "",
            "checksum_algorithm": null,
            "checksum_crc32": "",
            "checksum_crc32c": "",
            "checksum_sha1": "",
            "checksum_sha256": "",
            "content": null,
            "content_base64": null,
            "content_disposition": "",
            "content_encoding": "",
            "content_language": "",
            "content_type": "image/jpeg",
            "etag": "efb9739d61dba79738d5c60427d622b8",
            "force_destroy": false,
            "id": "photos/recipePhotos/food-5.jpg",
            "key": "photos/recipePhotos/food-5.jpg",
            "kms_key_id": null,
            "metadata": {},
            "object_lock_legal_hold_status": "",
            "object_lock_mode": "",
            "object_lock_retain_until_date": "",
            "override_provider": [],
            "server_side_encryption": "AES256",
            "source": "../out/photos/recipePhotos/food-5.jpg",
            "source_hash": null,
            "storage_class": "STANDARD",
            "tags": {},
            "tags_all": {},
            "version_id": "",
            "website_redirect": ""
          },
          "sensitive_attributes": [],
          "private": "bnVsbA==",
          "dependencies": [
            "aws_s3_bucket.react_app_bucket",
            "aws_s3_bucket_acl.bucket_acl",
            "aws_s3_bucket_ownership_controls.bucket_ownership",
            "aws_s3_bucket_public_access_block.bucket_access_block"
          ]
        },
        {
          "index_key": "photos/recipePhotos/food-6.jpg",
          "schema_version": 0,
          "attributes": {
            "acl": "public-read",
            "arn": "arn:aws:s3:::assignment-react-next-django-app/photos/recipePhotos/food-6.jpg",
            "bucket": "assignment-react-next-django-app",
            "bucket_key_enabled": false,
            "cache_control": "",
            "checksum_algorithm": null,
            "checksum_crc32": "",
            "checksum_crc32c": "",
            "checksum_sha1": "",
            "checksum_sha256": "",
            "content": null,
            "content_base64": null,
            "content_disposition": "",
            "content_encoding": "",
            "content_language": "",
            "content_type": "image/jpeg",
            "etag": "d31c23dc5fe4fe9bac515a14cb1d162d",
            "force_destroy": false,
            "id": "photos/recipePhotos/food-6.jpg",
            "key": "photos/recipePhotos/food-6.jpg",
            "kms_key_id": null,
            "metadata": {},
            "object_lock_legal_hold_status": "",
            "object_lock_mode": "",
            "object_lock_retain_until_date": "",
            "override_provider": [],
            "server_side_encryption": "AES256",
            "source": "../out/photos/recipePhotos/food-6.jpg",
            "source_hash": null,
            "storage_class": "STANDARD",
            "tags": {},
            "tags_all": {},
            "version_id": "",
            "website_redirect": ""
          },
          "sensitive_attributes": [],
          "private": "bnVsbA==",
          "dependencies": [
            "aws_s3_bucket.react_app_bucket",
            "aws_s3_bucket_acl.bucket_acl",
            "aws_s3_bucket_ownership_controls.bucket_ownership",
            "aws_s3_bucket_public_access_block.bucket_access_block"
          ]
        },
        {
          "index_key": "photos/recipePhotos/food-7.jpg",
          "schema_version": 0,
          "attributes": {
            "acl": "public-read",
            "arn": "arn:aws:s3:::assignment-react-next-django-app/photos/recipePhotos/food-7.jpg",
            "bucket": "assignment-react-next-django-app",
            "bucket_key_enabled": false,
            "cache_control": "",
            "checksum_algorithm": null,
            "checksum_crc32": "",
            "checksum_crc32c": "",
            "checksum_sha1": "",
            "checksum_sha256": "",
            "content": null,
            "content_base64": null,
            "content_disposition": "",
            "content_encoding": "",
            "content_language": "",
            "content_type": "image/jpeg",
            "etag": "5cf9490063e06b65d056b3a72e9bd58c",
            "force_destroy": false,
            "id": "photos/recipePhotos/food-7.jpg",
            "key": "photos/recipePhotos/food-7.jpg",
            "kms_key_id": null,
            "metadata": {},
            "object_lock_legal_hold_status": "",
            "object_lock_mode": "",
            "object_lock_retain_until_date": "",
            "override_provider": [],
            "server_side_encryption": "AES256",
            "source": "../out/photos/recipePhotos/food-7.jpg",
            "source_hash": null,
            "storage_class": "STANDARD",
            "tags": {},
            "tags_all": {},
            "version_id": "",
            "website_redirect": ""
          },
          "sensitive_attributes": [],
          "private": "bnVsbA==",
          "dependencies": [
            "aws_s3_bucket.react_app_bucket",
            "aws_s3_bucket_acl.bucket_acl",
            "aws_s3_bucket_ownership_controls.bucket_ownership",
            "aws_s3_bucket_public_access_block.bucket_access_block"
          ]
        },
        {
          "index_key": "photos/recipePhotos/food-8.jpg",
          "schema_version": 0,
          "attributes": {
            "acl": "public-read",
            "arn": "arn:aws:s3:::assignment-react-next-django-app/photos/recipePhotos/food-8.jpg",
            "bucket": "assignment-react-next-django-app",
            "bucket_key_enabled": false,
            "cache_control": "",
            "checksum_algorithm": null,
            "checksum_crc32": "",
            "checksum_crc32c": "",
            "checksum_sha1": "",
            "checksum_sha256": "",
            "content": null,
            "content_base64": null,
            "content_disposition": "",
            "content_encoding": "",
            "content_language": "",
            "content_type": "image/jpeg",
            "etag": "0c154b0505d43528858eac8cb73fab49",
            "force_destroy": false,
            "id": "photos/recipePhotos/food-8.jpg",
            "key": "photos/recipePhotos/food-8.jpg",
            "kms_key_id": null,
            "metadata": {},
            "object_lock_legal_hold_status": "",
            "object_lock_mode": "",
            "object_lock_retain_until_date": "",
            "override_provider": [],
            "server_side_encryption": "AES256",
            "source": "../out/photos/recipePhotos/food-8.jpg",
            "source_hash": null,
            "storage_class": "STANDARD",
            "tags": {},
            "tags_all": {},
            "version_id": "",
            "website_redirect": ""
          },
          "sensitive_attributes": [],
          "private": "bnVsbA==",
          "dependencies": [
            "aws_s3_bucket.react_app_bucket",
            "aws_s3_bucket_acl.bucket_acl",
            "aws_s3_bucket_ownership_controls.bucket_ownership",
            "aws_s3_bucket_public_access_block.bucket_access_block"
          ]
        },
        {
          "index_key": "photos/recipePhotos/food-9.jpg",
          "schema_version": 0,
          "attributes": {
            "acl": "public-read",
            "arn": "arn:aws:s3:::assignment-react-next-django-app/photos/recipePhotos/food-9.jpg",
            "bucket": "assignment-react-next-django-app",
            "bucket_key_enabled": false,
            "cache_control": "",
            "checksum_algorithm": null,
            "checksum_crc32": "",
            "checksum_crc32c": "",
            "checksum_sha1": "",
            "checksum_sha256": "",
            "content": null,
            "content_base64": null,
            "content_disposition": "",
            "content_encoding": "",
            "content_language": "",
            "content_type": "image/jpeg",
            "etag": "3a9f493061807613339b6215c540216e",
            "force_destroy": false,
            "id": "photos/recipePhotos/food-9.jpg",
            "key": "photos/recipePhotos/food-9.jpg",
            "kms_key_id": null,
            "metadata": {},
            "object_lock_legal_hold_status": "",
            "object_lock_mode": "",
            "object_lock_retain_until_date": "",
            "override_provider": [],
            "server_side_encryption": "AES256",
            "source": "../out/photos/recipePhotos/food-9.jpg",
            "source_hash": null,
            "storage_class": "STANDARD",
            "tags": {},
            "tags_all": {},
            "version_id": "",
            "website_redirect": ""
          },
          "sensitive_attributes": [],
          "private": "bnVsbA==",
          "dependencies": [
            "aws_s3_bucket.react_app_bucket",
            "aws_s3_bucket_acl.bucket_acl",
            "aws_s3_bucket_ownership_controls.bucket_ownership",
            "aws_s3_bucket_public_access_block.bucket_access_block"
          ]
        },
        {
          "index_key": "recipelist.html",
          "schema_version": 0,
          "attributes": {
            "acl": "public-read",
            "arn": "arn:aws:s3:::assignment-react-next-django-app/recipelist.html",
            "bucket": "assignment-react-next-django-app",
            "bucket_key_enabled": false,
            "cache_control": "",
            "checksum_algorithm": null,
            "checksum_crc32": "",
            "checksum_crc32c": "",
            "checksum_sha1": "",
            "checksum_sha256": "",
            "content": null,
            "content_base64": null,
            "content_disposition": "",
            "content_encoding": "",
            "content_language": "",
            "content_type": "text/html; charset=utf-8",
            "etag": "1da051a4e8430e884c03449e9e102027",
            "force_destroy": false,
            "id": "recipelist.html",
            "key": "recipelist.html",
            "kms_key_id": null,
            "metadata": {},
            "object_lock_legal_hold_status": "",
            "object_lock_mode": "",
            "object_lock_retain_until_date": "",
            "override_provider": [],
            "server_side_encryption": "AES256",
            "source": "../out/recipelist.html",
            "source_hash": null,
            "storage_class": "STANDARD",
            "tags": {},
            "tags_all": {},
            "version_id": "",
            "website_redirect": ""
          },
          "sensitive_attributes": [],
          "private": "bnVsbA==",
          "dependencies": [
            "aws_s3_bucket.react_app_bucket",
            "aws_s3_bucket_acl.bucket_acl",
            "aws_s3_bucket_ownership_controls.bucket_ownership",
            "aws_s3_bucket_public_access_block.bucket_access_block"
          ]
        },
        {
          "index_key": "recipelist.txt",
          "schema_version": 0,
          "attributes": {
            "acl": "public-read",
            "arn": "arn:aws:s3:::assignment-react-next-django-app/recipelist.txt",
            "bucket": "assignment-react-next-django-app",
            "bucket_key_enabled": false,
            "cache_control": "",
            "checksum_algorithm": null,
            "checksum_crc32": "",
            "checksum_crc32c": "",
            "checksum_sha1": "",
            "checksum_sha256": "",
            "content": null,
            "content_base64": null,
            "content_disposition": "",
            "content_encoding": "",
            "content_language": "",
            "content_type": "text/plain; charset=utf-8",
            "etag": "825b8733901e612f03ac385628b7841a",
            "force_destroy": false,
            "id": "recipelist.txt",
            "key": "recipelist.txt",
            "kms_key_id": null,
            "metadata": {},
            "object_lock_legal_hold_status": "",
            "object_lock_mode": "",
            "object_lock_retain_until_date": "",
            "override_provider": [],
            "server_side_encryption": "AES256",
            "source": "../out/recipelist.txt",
            "source_hash": null,
            "storage_class": "STANDARD",
            "tags": {},
            "tags_all": {},
            "version_id": "",
            "website_redirect": ""
          },
          "sensitive_attributes": [],
          "private": "bnVsbA==",
          "dependencies": [
            "aws_s3_bucket.react_app_bucket",
            "aws_s3_bucket_acl.bucket_acl",
            "aws_s3_bucket_ownership_controls.bucket_ownership",
            "aws_s3_bucket_public_access_block.bucket_access_block"
          ]
        },
        {
          "index_key": "vercel.svg",
          "schema_version": 0,
          "attributes": {
            "acl": "public-read",
            "arn": "arn:aws:s3:::assignment-react-next-django-app/vercel.svg",
            "bucket": "assignment-react-next-django-app",
            "bucket_key_enabled": false,
            "cache_control": "",
            "checksum_algorithm": null,
            "checksum_crc32": "",
            "checksum_crc32c": "",
            "checksum_sha1": "",
            "checksum_sha256": "",
            "content": null,
            "content_base64": null,
            "content_disposition": "",
            "content_encoding": "",
            "content_language": "",
            "content_type": "image/svg+xml",
            "etag": "61c6b19abff40ea7acd577be818f3976",
            "force_destroy": false,
            "id": "vercel.svg",
            "key": "vercel.svg",
            "kms_key_id": null,
            "metadata": {},
            "object_lock_legal_hold_status": "",
            "object_lock_mode": "",
            "object_lock_retain_until_date": "",
            "override_provider": [],
            "server_side_encryption": "AES256",
            "source": "../out/vercel.svg",
            "source_hash": null,
            "storage_class": "STANDARD",
            "tags": {},
            "tags_all": {},
            "version_id": "",
            "website_redirect": ""
          },
          "sensitive_attributes": [],
          "private": "bnVsbA==",
          "dependencies": [
            "aws_s3_bucket.react_app_bucket",
            "aws_s3_bucket_acl.bucket_acl",
            "aws_s3_bucket_ownership_controls.bucket_ownership",
            "aws_s3_bucket_public_access_block.bucket_access_block"
          ]
        }
      ]
    }
  ],
  "check_results": null
}
